
Microsoft Visual Studio Solution File, Format Version 12.00
# Visual Studio Version 17
VisualStudioVersion = 17.0.31903.59
MinimumVisualStudioVersion = 10.0.40219.1
Project("{2150E333-8FDC-42A3-9474-1A3956D46DE8}") = "Items", "Items", "{AAB1E2F3-0F23-4F96-BDD4-3D28C7086BEB}"
	ProjectSection(SolutionItems) = preProject
		.gitattributes = .gitattributes
		..\.gitignore = ..\.gitignore
		Directory.Build.props = Directory.Build.props
		LICENSE = LICENSE
		README.md = README.md
		version.json = version.json
	EndProjectSection
EndProject
Project("{9A19103F-16F7-4668-BE54-9A1E7A4F7556}") = "BassUtils", "BassUtils\BassUtils.csproj", "{1DF57039-9A4C-4854-8BEB-4E6B7DBCF245}"
EndProject
Project("{9A19103F-16F7-4668-BE54-9A1E7A4F7556}") = "BassUtils.ConsoleTestHarness", "BassUtils.ConsoleTestHarness\BassUtils.ConsoleTestHarness.csproj", "{F51AE113-302B-4862-ABCF-ED2144948599}"
EndProject
Project("{9A19103F-16F7-4668-BE54-9A1E7A4F7556}") = "BassUtils.UnitTests", "BassUtils.UnitTests\BassUtils.UnitTests.csproj", "{AA3173DA-0020-4DB9-A3B9-622568532F48}"
EndProject
Project("{9A19103F-16F7-4668-BE54-9A1E7A4F7556}") = "BassUtils.NetCore", "BassUtils.NetCore\BassUtils.NetCore.csproj", "{9247692B-7BBC-44AF-87D6-B0F1E6E1229A}"
EndProject
Global
	GlobalSection(SolutionConfigurationPlatforms) = preSolution
		Debug|Any CPU = Debug|Any CPU
		Release|Any CPU = Release|Any CPU
		Release40|Any CPU = Release40|Any CPU
		Release45|Any CPU = Release45|Any CPU
	EndGlobalSection
	GlobalSection(ProjectConfigurationPlatforms) = postSolution
		{1DF57039-9A4C-4854-8BEB-4E6B7DBCF245}.Debug|Any CPU.ActiveCfg = Debug|Any CPU
		{1DF57039-9A4C-4854-8BEB-4E6B7DBCF245}.Debug|Any CPU.Build.0 = Debug|Any CPU
		{1DF57039-9A4C-4854-8BEB-4E6B7DBCF245}.Release|Any CPU.ActiveCfg = Release|Any CPU
		{1DF57039-9A4C-4854-8BEB-4E6B7DBCF245}.Release|Any CPU.Build.0 = Release|Any CPU
		{1DF57039-9A4C-4854-8BEB-4E6B7DBCF245}.Release40|Any CPU.ActiveCfg = Release|Any CPU
		{1DF57039-9A4C-4854-8BEB-4E6B7DBCF245}.Release40|Any CPU.Build.0 = Release|Any CPU
		{1DF57039-9A4C-4854-8BEB-4E6B7DBCF245}.Release45|Any CPU.ActiveCfg = Release|Any CPU
		{1DF57039-9A4C-4854-8BEB-4E6B7DBCF245}.Release45|Any CPU.Build.0 = Release|Any CPU
		{F51AE113-302B-4862-ABCF-ED2144948599}.Debug|Any CPU.ActiveCfg = Debug|Any CPU
		{F51AE113-302B-4862-ABCF-ED2144948599}.Debug|Any CPU.Build.0 = Debug|Any CPU
		{F51AE113-302B-4862-ABCF-ED2144948599}.Release|Any CPU.ActiveCfg = Release|Any CPU
		{F51AE113-302B-4862-ABCF-ED2144948599}.Release|Any CPU.Build.0 = Release|Any CPU
		{F51AE113-302B-4862-ABCF-ED2144948599}.Release40|Any CPU.ActiveCfg = Release|Any CPU
		{F51AE113-302B-4862-ABCF-ED2144948599}.Release40|Any CPU.Build.0 = Release|Any CPU
		{F51AE113-302B-4862-ABCF-ED2144948599}.Release45|Any CPU.ActiveCfg = Release|Any CPU
		{F51AE113-302B-4862-ABCF-ED2144948599}.Release45|Any CPU.Build.0 = Release|Any CPU
		{AA3173DA-0020-4DB9-A3B9-622568532F48}.Debug|Any CPU.ActiveCfg = Debug|Any CPU
		{AA3173DA-0020-4DB9-A3B9-622568532F48}.Debug|Any CPU.Build.0 = Debug|Any CPU
		{AA3173DA-0020-4DB9-A3B9-622568532F48}.Release|Any CPU.ActiveCfg = Release|Any CPU
		{AA3173DA-0020-4DB9-A3B9-622568532F48}.Release|Any CPU.Build.0 = Release|Any CPU
		{AA3173DA-0020-4DB9-A3B9-622568532F48}.Release40|Any CPU.ActiveCfg = Release|Any CPU
		{AA3173DA-0020-4DB9-A3B9-622568532F48}.Release40|Any CPU.Build.0 = Release|Any CPU
		{AA3173DA-0020-4DB9-A3B9-622568532F48}.Release45|Any CPU.ActiveCfg = Release|Any CPU
		{AA3173DA-0020-4DB9-A3B9-622568532F48}.Release45|Any CPU.Build.0 = Release|Any CPU
		{9247692B-7BBC-44AF-87D6-B0F1E6E1229A}.Debug|Any CPU.ActiveCfg = Debug|Any CPU
		{9247692B-7BBC-44AF-87D6-B0F1E6E1229A}.Debug|Any CPU.Build.0 = Debug|Any CPU
		{9247692B-7BBC-44AF-87D6-B0F1E6E1229A}.Release|Any CPU.ActiveCfg = Release|Any CPU
		{9247692B-7BBC-44AF-87D6-B0F1E6E1229A}.Release|Any CPU.Build.0 = Release|Any CPU
		{9247692B-7BBC-44AF-87D6-B0F1E6E1229A}.Release40|Any CPU.ActiveCfg = Release|Any CPU
		{9247692B-7BBC-44AF-87D6-B0F1E6E1229A}.Release40|Any CPU.Build.0 = Release|Any CPU
		{9247692B-7BBC-44AF-87D6-B0F1E6E1229A}.Release45|Any CPU.ActiveCfg = Release|Any CPU
		{9247692B-7BBC-44AF-87D6-B0F1E6E1229A}.Release45|Any CPU.Build.0 = Release|Any CPU
	EndGlobalSection
	GlobalSection(SolutionProperties) = preSolution
		HideSolutionNode = FALSE
	EndGlobalSection
	GlobalSection(ExtensibilityGlobals) = postSolution
		SolutionGuid = {B7C64DF8-36E3-40DD-B243-4F1BAF480BEB}
	EndGlobalSection
EndGlobal
