
Microsoft Visual Studio Solution File, Format Version 12.00
# Visual Studio 2013
VisualStudioVersion = 12.0.31101.0
MinimumVisualStudioVersion = 10.0.40219.1
Project("{FAE04EC0-301F-11D3-BF4B-00C04F79EFBC}") = "BassUtils", "BassUtils\BassUtils.csproj", "{7076EB59-BA3F-4F09-8A9C-71E845EEBBD6}"
EndProject
Project("{FAE04EC0-301F-11D3-BF4B-00C04F79EFBC}") = "BassUtils.Tests", "BassUtils.Tests\BassUtils.Tests.csproj", "{7FB3917B-2480-46F0-AD73-D37A21FB5D03}"
EndProject
Global
	GlobalSection(SolutionConfigurationPlatforms) = preSolution
		Debug|Any CPU = Debug|Any CPU
		Release|Any CPU = Release|Any CPU
	EndGlobalSection
	GlobalSection(ProjectConfigurationPlatforms) = postSolution
		{7076EB59-BA3F-4F09-8A9C-71E845EEBBD6}.Debug|Any CPU.ActiveCfg = Debug|Any CPU
		{7076EB59-BA3F-4F09-8A9C-71E845EEBBD6}.Debug|Any CPU.Build.0 = Debug|Any CPU
		{7076EB59-BA3F-4F09-8A9C-71E845EEBBD6}.Release|Any CPU.ActiveCfg = Release|Any CPU
		{7076EB59-BA3F-4F09-8A9C-71E845EEBBD6}.Release|Any CPU.Build.0 = Release|Any CPU
		{7FB3917B-2480-46F0-AD73-D37A21FB5D03}.Debug|Any CPU.ActiveCfg = Debug|Any CPU
		{7FB3917B-2480-46F0-AD73-D37A21FB5D03}.Debug|Any CPU.Build.0 = Debug|Any CPU
		{7FB3917B-2480-46F0-AD73-D37A21FB5D03}.Release|Any CPU.ActiveCfg = Release|Any CPU
		{7FB3917B-2480-46F0-AD73-D37A21FB5D03}.Release|Any CPU.Build.0 = Release|Any CPU
	EndGlobalSection
	GlobalSection(SolutionProperties) = preSolution
		HideSolutionNode = FALSE
	EndGlobalSection
EndGlobal
